lockfileVersion: 5.4

specifiers:
  '@beyonk/svelte-mapbox': ^8.1.4

devDependencies:
  '@beyonk/svelte-mapbox': 8.1.4

packages:

  /@beyonk/svelte-mapbox/8.1.4:
    resolution: {integrity: sha512-H7c5i+iWReb3try5Vk2rIeIXJ6BqmO3eb8OeBntrdKAiKEA0ye7n5t4C13Ne4vvMrfqqzyHuV6kGsM0y/g+lJg==}
    dev: true
